
Microsoft Visual Studio Solution File, Format Version 12.00
# Visual Studio Version 17
VisualStudioVersion = 17.14.36121.58
MinimumVisualStudioVersion = 10.0.40219.1
Project("{8BC9CEB8-8B4A-11D0-8D11-00A0C91BC942}") = "launcher", "launcher\launcher.vcxproj", "{99ACCA4E-8748-4AAF-A38D-36DCD6F95A23}"
EndProject
Project("{8BC9CEB8-8B4A-11D0-8D11-00A0C91BC942}") = "launcher_main", "launcher_main\launcher_main.vcxproj", "{E6B3D7DC-E615-4F9E-8E14-E7AFE068E862}"
EndProject
Project("{8BC9CEB8-8B4A-11D0-8D11-00A0C91BC942}") = "tier1", "tier1\tier1-2005.vcxproj", "{E1DA8DB8-FB4C-4B14-91A6-98BCED6B9720}"
EndProject
Project("{8BC9CEB8-8B4A-11D0-8D11-00A0C91BC942}") = "choreoobjects", "choreoobjects\choreoobjects-2005.vcxproj", "{0A940BE3-0C70-4D6F-A9F8-C39B483E3796}"
EndProject
Project("{8BC9CEB8-8B4A-11D0-8D11-00A0C91BC942}") = "vgui_controls", "vgui2\controls\vgui_controls-2005.vcxproj", "{C3CEFD6F-5CDC-41DE-8D43-D932F508F51B}"
EndProject
Project("{8BC9CEB8-8B4A-11D0-8D11-00A0C91BC942}") = "mathlib", "mathlib\mathlib-2005.vcxproj", "{E1DA9FB8-FB4C-4B14-91A6-98BCED6B9720}"
EndProject
Project("{8BC9CEB8-8B4A-11D0-8D11-00A0C91BC942}") = "client_cstrike", "game\client\client_cstrike.vcxproj", "{06C0F1D8-E7AD-409A-88B8-6D01032985B5}"
EndProject
Project("{8BC9CEB8-8B4A-11D0-8D11-00A0C91BC942}") = "server_cstrike", "game\server\server_cstrike.vcxproj", "{4030D8D8-28D7-432B-9A01-9DB163B2CB59}"
EndProject
Project("{2150E333-8FDC-42A3-9474-1A3956D46DE8}") = "Engine Main", "Engine Main", "{36D591C7-65C7-A0D1-1CBC-10CDE441BDC8}"
EndProject
Project("{2150E333-8FDC-42A3-9474-1A3956D46DE8}") = "Games", "Games", "{4EE45C15-D02B-4F7E-AF48-1AF15610ECC9}"
EndProject
Project("{2150E333-8FDC-42A3-9474-1A3956D46DE8}") = "Libraries", "Libraries", "{05EECF15-5235-4421-ACC3-DAF1568FCD3B}"
EndProject
Project("{8BC9CEB8-8B4A-11D0-8D11-00A0C91BC942}") = "appframework", "appframework\appframework.vcxproj", "{C2199634-6C18-4D43-9F85-CAA40AC80729}"
EndProject
Global
	GlobalSection(SolutionConfigurationPlatforms) = preSolution
		Debug|x86 = Debug|x86
		Release|x86 = Release|x86
	EndGlobalSection
	GlobalSection(ProjectConfigurationPlatforms) = postSolution
		{99ACCA4E-8748-4AAF-A38D-36DCD6F95A23}.Debug|x86.ActiveCfg = Debug|Win32
		{99ACCA4E-8748-4AAF-A38D-36DCD6F95A23}.Debug|x86.Build.0 = Debug|Win32
		{99ACCA4E-8748-4AAF-A38D-36DCD6F95A23}.Release|x86.ActiveCfg = Release|Win32
		{99ACCA4E-8748-4AAF-A38D-36DCD6F95A23}.Release|x86.Build.0 = Release|Win32
		{E6B3D7DC-E615-4F9E-8E14-E7AFE068E862}.Debug|x86.ActiveCfg = Debug|Win32
		{E6B3D7DC-E615-4F9E-8E14-E7AFE068E862}.Debug|x86.Build.0 = Debug|Win32
		{E6B3D7DC-E615-4F9E-8E14-E7AFE068E862}.Release|x86.ActiveCfg = Release|Win32
		{E6B3D7DC-E615-4F9E-8E14-E7AFE068E862}.Release|x86.Build.0 = Release|Win32
		{E1DA8DB8-FB4C-4B14-91A6-98BCED6B9720}.Debug|x86.ActiveCfg = Debug|Win32
		{E1DA8DB8-FB4C-4B14-91A6-98BCED6B9720}.Debug|x86.Build.0 = Debug|Win32
		{E1DA8DB8-FB4C-4B14-91A6-98BCED6B9720}.Release|x86.ActiveCfg = Release|Win32
		{E1DA8DB8-FB4C-4B14-91A6-98BCED6B9720}.Release|x86.Build.0 = Release|Win32
		{0A940BE3-0C70-4D6F-A9F8-C39B483E3796}.Debug|x86.ActiveCfg = Debug|Win32
		{0A940BE3-0C70-4D6F-A9F8-C39B483E3796}.Debug|x86.Build.0 = Debug|Win32
		{0A940BE3-0C70-4D6F-A9F8-C39B483E3796}.Release|x86.ActiveCfg = Release|Win32
		{0A940BE3-0C70-4D6F-A9F8-C39B483E3796}.Release|x86.Build.0 = Release|Win32
		{C3CEFD6F-5CDC-41DE-8D43-D932F508F51B}.Debug|x86.ActiveCfg = Debug|Win32
		{C3CEFD6F-5CDC-41DE-8D43-D932F508F51B}.Debug|x86.Build.0 = Debug|Win32
		{C3CEFD6F-5CDC-41DE-8D43-D932F508F51B}.Release|x86.ActiveCfg = Release|Win32
		{C3CEFD6F-5CDC-41DE-8D43-D932F508F51B}.Release|x86.Build.0 = Release|Win32
		{E1DA9FB8-FB4C-4B14-91A6-98BCED6B9720}.Debug|x86.ActiveCfg = Debug|Win32
		{E1DA9FB8-FB4C-4B14-91A6-98BCED6B9720}.Debug|x86.Build.0 = Debug|Win32
		{E1DA9FB8-FB4C-4B14-91A6-98BCED6B9720}.Release|x86.ActiveCfg = Release|Win32
		{E1DA9FB8-FB4C-4B14-91A6-98BCED6B9720}.Release|x86.Build.0 = Release|Win32
		{06C0F1D8-E7AD-409A-88B8-6D01032985B5}.Debug|x86.ActiveCfg = Debug CSTRIKE|Win32
		{06C0F1D8-E7AD-409A-88B8-6D01032985B5}.Debug|x86.Build.0 = Debug CSTRIKE|Win32
		{06C0F1D8-E7AD-409A-88B8-6D01032985B5}.Release|x86.ActiveCfg = Release CSTRIKE|Win32
		{06C0F1D8-E7AD-409A-88B8-6D01032985B5}.Release|x86.Build.0 = Release CSTRIKE|Win32
		{4030D8D8-28D7-432B-9A01-9DB163B2CB59}.Debug|x86.ActiveCfg = Debug CSTRIKE|Win32
		{4030D8D8-28D7-432B-9A01-9DB163B2CB59}.Debug|x86.Build.0 = Debug CSTRIKE|Win32
		{4030D8D8-28D7-432B-9A01-9DB163B2CB59}.Release|x86.ActiveCfg = Release CSTRIKE|Win32
		{4030D8D8-28D7-432B-9A01-9DB163B2CB59}.Release|x86.Build.0 = Release CSTRIKE|Win32
		{C2199634-6C18-4D43-9F85-CAA40AC80729}.Debug|x86.ActiveCfg = Debug|Win32
		{C2199634-6C18-4D43-9F85-CAA40AC80729}.Debug|x86.Build.0 = Debug|Win32
		{C2199634-6C18-4D43-9F85-CAA40AC80729}.Release|x86.ActiveCfg = Release|Win32
		{C2199634-6C18-4D43-9F85-CAA40AC80729}.Release|x86.Build.0 = Release|Win32
	EndGlobalSection
	GlobalSection(SolutionProperties) = preSolution
		HideSolutionNode = FALSE
	EndGlobalSection
	GlobalSection(NestedProjects) = preSolution
		{99ACCA4E-8748-4AAF-A38D-36DCD6F95A23} = {36D591C7-65C7-A0D1-1CBC-10CDE441BDC8}
		{E6B3D7DC-E615-4F9E-8E14-E7AFE068E862} = {36D591C7-65C7-A0D1-1CBC-10CDE441BDC8}
		{E1DA8DB8-FB4C-4B14-91A6-98BCED6B9720} = {05EECF15-5235-4421-ACC3-DAF1568FCD3B}
		{0A940BE3-0C70-4D6F-A9F8-C39B483E3796} = {05EECF15-5235-4421-ACC3-DAF1568FCD3B}
		{C3CEFD6F-5CDC-41DE-8D43-D932F508F51B} = {05EECF15-5235-4421-ACC3-DAF1568FCD3B}
		{E1DA9FB8-FB4C-4B14-91A6-98BCED6B9720} = {05EECF15-5235-4421-ACC3-DAF1568FCD3B}
		{06C0F1D8-E7AD-409A-88B8-6D01032985B5} = {4EE45C15-D02B-4F7E-AF48-1AF15610ECC9}
		{4030D8D8-28D7-432B-9A01-9DB163B2CB59} = {4EE45C15-D02B-4F7E-AF48-1AF15610ECC9}
		{C2199634-6C18-4D43-9F85-CAA40AC80729} = {05EECF15-5235-4421-ACC3-DAF1568FCD3B}
	EndGlobalSection
	GlobalSection(ExtensibilityGlobals) = postSolution
		SolutionGuid = {E6E1032E-2690-417C-9FA7-A197C9B9E1C8}
	EndGlobalSection
EndGlobal
