<?xml version="1.0" encoding="utf-8"?>
<Project ToolsVersion="4.0" xmlns="http://schemas.microsoft.com/developer/msbuild/2003">
  <ItemGroup>
    <Filter Include="Source Files">
      <UniqueIdentifier>{4912c94f-8edd-4cc3-ac63-80ca320a30ee}</UniqueIdentifier>
    </Filter>
    <Filter Include="Resources">
      <UniqueIdentifier>{f0a2b0f8-0a5d-4d89-960f-c6a80c20dc6d}</UniqueIdentifier>
    </Filter>
    <Filter Include="Interface">
      <UniqueIdentifier>{bbbf41d8-198d-4945-ab28-83e9e87efe2b}</UniqueIdentifier>
    </Filter>
  </ItemGroup>
  <ItemGroup>
    <ClCompile Include="AppSystemGroup.cpp">
      <Filter>Source Files</Filter>
    </ClCompile>
    <ClCompile Include="..\public\filesystem_init.cpp">
      <Filter>Source Files</Filter>
    </ClCompile>
    <ClCompile Include="VguiMatSysApp.cpp">
      <Filter>Source Files</Filter>
    </ClCompile>
    <ClCompile Include="WinApp.cpp">
      <Filter>Source Files</Filter>
    </ClCompile>
  </ItemGroup>
  <ItemGroup>
    <None Include="appframework.vpc">
      <Filter>Resources</Filter>
    </None>
  </ItemGroup>
  <ItemGroup>
    <ClInclude Include="..\public\appframework\AppFramework.h">
      <Filter>Interface</Filter>
    </ClInclude>
    <ClInclude Include="..\public\appframework\IAppSystem.h">
      <Filter>Interface</Filter>
    </ClInclude>
    <ClInclude Include="..\public\appframework\IAppSystemGroup.h">
      <Filter>Interface</Filter>
    </ClInclude>
    <ClInclude Include="..\public\appframework\tier2app.h">
      <Filter>Interface</Filter>
    </ClInclude>
    <ClInclude Include="..\public\appframework\tier3app.h">
      <Filter>Interface</Filter>
    </ClInclude>
    <ClInclude Include="..\public\appframework\VguiMatSysApp.h">
      <Filter>Interface</Filter>
    </ClInclude>
  </ItemGroup>
</Project>